{
  "name": "basic",
  "version": "1.0.0",
  "lockfileVersion": 1,
  "requires": true,
  "dependencies": {
    "prando": {
      "version": "5.0.0",
      "resolved": "https://registry.npmjs.org/prando/-/prando-5.0.0.tgz",
      "integrity": "sha512-DROK0RnwTXSAzRFtTkjWaRqEJuw+dnf0fkS4eGhA945Sc/l0qffbyQok5CJSLUntZeezGr4MmYHay8Ah2D63nw=="
    },
    "regal": {
      "version": "0.6.1",
      "resolved": "https://registry.npmjs.org/regal/-/regal-0.6.1.tgz",
      "integrity": "sha512-ZinU4kH9KGQWX7l9RoujIMI8Xx2FRRNprUtKvN5ROMjBGDGnEL5YZ4ixXFnQmiNoPj+kHbjesVJS7gpYr4oe+Q==",
      "requires": {
        "prando": "^5.0.0"
      }
    }
  }
}
