{
    "name": "package-js",
    "requires": true,
    "lockfileVersion": 1,
    "dependencies": {
        "prando": {
            "version": "5.1.0",
            "resolved": "https://registry.npmjs.org/prando/-/prando-5.1.0.tgz",
            "integrity": "sha512-UkXcaSqEoMz2S5O/uhb9emINjP1qM9vClszDSPCIVhI7s696tVCNS5qbm5b7qSwMlpLS3rih4NHFZdPzwHTtSQ=="
        },
        "regal": {
            "version": "0.7.1",
            "resolved": "https://registry.npmjs.org/regal/-/regal-0.7.1.tgz",
            "integrity": "sha512-6Bf6g0df2qC9ftkcH26Mj+kiAaMc5UkCq+QqVYVNL0vXi1UsFfT2fnkf6163AYiOG6g2EBpbwo0xlta1nk7JqA==",
            "requires": {
                "prando": "^5.0.0"
            }
        }
    }
}
